
Microsoft Visual Studio Solution File, Format Version 12.00
# Visual Studio Version 17
VisualStudioVersion = 17.6.33712.159
MinimumVisualStudioVersion = 10.0.40219.1
Project("{FAE04EC0-301F-11D3-BF4B-00C04F79EFBC}") = "consume_api_ocr", "consume_api_ocr.csproj", "{B3FF3AA3-B7DF-40A4-9577-AA05FA8F3A82}"
EndProject
Global
	GlobalSection(SolutionConfigurationPlatforms) = preSolution
		Debug|Any CPU = Debug|Any CPU
		Release|Any CPU = Release|Any CPU
	EndGlobalSection
	GlobalSection(ProjectConfigurationPlatforms) = postSolution
		{B3FF3AA3-B7DF-40A4-9577-AA05FA8F3A82}.Debug|Any CPU.ActiveCfg = Debug|Any CPU
		{B3FF3AA3-B7DF-40A4-9577-AA05FA8F3A82}.Debug|Any CPU.Build.0 = Debug|Any CPU
		{B3FF3AA3-B7DF-40A4-9577-AA05FA8F3A82}.Release|Any CPU.ActiveCfg = Release|Any CPU
		{B3FF3AA3-B7DF-40A4-9577-AA05FA8F3A82}.Release|Any CPU.Build.0 = Release|Any CPU
	EndGlobalSection
	GlobalSection(SolutionProperties) = preSolution
		HideSolutionNode = FALSE
	EndGlobalSection
	GlobalSection(ExtensibilityGlobals) = postSolution
		SolutionGuid = {F630A0AF-8FB9-4CBE-85D9-FB07B70DE571}
	EndGlobalSection
EndGlobal
